
Microsoft Visual Studio Solution File, Format Version 10.00
# Visual Studio 2008
Project("{8BC9CEB8-8B4A-11D0-8D11-00A0C91BC942}") = "Polygone", "Polygone\Polygone.vcproj", "{206F26DE-BA3A-47B2-9C9A-1FA32DCF694F}"
EndProject
Global
	GlobalSection(SolutionConfigurationPlatforms) = preSolution
		Debug|Win32 = Debug|Win32
		Release|Win32 = Release|Win32
	EndGlobalSection
	GlobalSection(ProjectConfigurationPlatforms) = postSolution
		{206F26DE-BA3A-47B2-9C9A-1FA32DCF694F}.Debug|Win32.ActiveCfg = Debug|Win32
		{206F26DE-BA3A-47B2-9C9A-1FA32DCF694F}.Debug|Win32.Build.0 = Debug|Win32
		{206F26DE-BA3A-47B2-9C9A-1FA32DCF694F}.Release|Win32.ActiveCfg = Release|Win32
		{206F26DE-BA3A-47B2-9C9A-1FA32DCF694F}.Release|Win32.Build.0 = Release|Win32
	EndGlobalSection
	GlobalSection(SolutionProperties) = preSolution
		HideSolutionNode = FALSE
	EndGlobalSection
EndGlobal
